
Microsoft Visual Studio Solution File, Format Version 12.00
# Visual Studio Version 16
VisualStudioVersion = 16.0.31729.503
MinimumVisualStudioVersion = 10.0.40219.1
Project("{FAE04EC0-301F-11D3-BF4B-00C04F79EFBC}") = "AppointmentScheduling", "AppointmentScheduling\AppointmentScheduling.csproj", "{C24AB980-4057-4D68-B35B-1156A4F6026E}"
EndProject
Global
	GlobalSection(SolutionConfigurationPlatforms) = preSolution
		Debug|Any CPU = Debug|Any CPU
		Release|Any CPU = Release|Any CPU
	EndGlobalSection
	GlobalSection(ProjectConfigurationPlatforms) = postSolution
		{C24AB980-4057-4D68-B35B-1156A4F6026E}.Debug|Any CPU.ActiveCfg = Debug|Any CPU
		{C24AB980-4057-4D68-B35B-1156A4F6026E}.Debug|Any CPU.Build.0 = Debug|Any CPU
		{C24AB980-4057-4D68-B35B-1156A4F6026E}.Release|Any CPU.ActiveCfg = Release|Any CPU
		{C24AB980-4057-4D68-B35B-1156A4F6026E}.Release|Any CPU.Build.0 = Release|Any CPU
	EndGlobalSection
	GlobalSection(SolutionProperties) = preSolution
		HideSolutionNode = FALSE
	EndGlobalSection
	GlobalSection(ExtensibilityGlobals) = postSolution
		SolutionGuid = {3F26B26B-F4FB-405A-AC5A-65ED633A2289}
	EndGlobalSection
EndGlobal
